// !$*UTF8*$!
{
	archiveVersion = 1;
	classes = {
	};
	objectVersion = 46;
	objects = {

/* Begin PBXBuildFile section */
		554587BA1BEFDB1A002BA825 /* main.c in Sources */ = {isa = PBXBuildFile; fileRef = 554587B91BEFDB1A002BA825 /* main.c */; };
		554587C21BEFDB51002BA825 /* rectangle.c in Sources */ = {isa = PBXBuildFile; fileRef = 554587C01BEFDB51002BA825 /* rectangle.c */; };
		554587C51BEFDB5C002BA825 /* circle.c in Sources */ = {isa = PBXBuildFile; fileRef = 554587C31BEFDB5C002BA825 /* circle.c */; };
		554587C81BEFDB6B002BA825 /* shape.c in Sources */ = {isa = PBXBuildFile; fileRef = 554587C61BEFDB6B002BA825 /* shape.c */; };
/* End PBXBuildFile section */

/* Begin PBXCopyFilesBuildPhase section */
		554587B41BEFDB1A002BA825 /* CopyFiles */ = {
			isa = PBXCopyFilesBuildPhase;
			buildActionMask = 2147483647;
			dstPath = /usr/share/man/man1/;
			dstSubfolderSpec = 0;
			files = (
			);
			runOnlyForDeploymentPostprocessing = 1;
		};
/* End PBXCopyFilesBuildPhase section */

/* Begin PBXFileReference section */
		554587B61BEFDB1A002BA825 /* oo */ = {isa = PBXFileReference; explicitFileType = "compiled.mach-o.executable"; includeInIndex = 0; path = oo; sourceTree = BUILT_PRODUCTS_DIR; };
		554587B91BEFDB1A002BA825 /* main.c */ = {isa = PBXFileReference; lastKnownFileType = sourcecode.c.c; path = main.c; sourceTree = "<group>"; };
		554587C01BEFDB51002BA825 /* rectangle.c */ = {isa = PBXFileReference; fileEncoding = 4; lastKnownFileType = sourcecode.c.c; path = rectangle.c; sourceTree = "<group>"; };
		554587C11BEFDB51002BA825 /* rectangle.h */ = {isa = PBXFileReference; fileEncoding = 4; lastKnownFileType = sourcecode.c.h; path = rectangle.h; sourceTree = "<group>"; };
		554587C31BEFDB5C002BA825 /* circle.c */ = {isa = PBXFileReference; fileEncoding = 4; lastKnownFileType = sourcecode.c.c; path = circle.c; sourceTree = "<group>"; };
		554587C41BEFDB5C002BA825 /* circle.h */ = {isa = PBXFileReference; fileEncoding = 4; lastKnownFileType = sourcecode.c.h; path = circle.h; sourceTree = "<group>"; };
		554587C61BEFDB6B002BA825 /* shape.c */ = {isa = PBXFileReference; fileEncoding = 4; lastKnownFileType = sourcecode.c.c; path = shape.c; sourceTree = "<group>"; };
		554587C71BEFDB6B002BA825 /* shape.h */ = {isa = PBXFileReference; fileEncoding = 4; lastKnownFileType = sourcecode.c.h; path = shape.h; sourceTree = "<group>"; };
/* End PBXFileReference section */

/* Begin PBXFrameworksBuildPhase section */
		554587B31BEFDB1A002BA825 /* Frameworks */ = {
			isa = PBXFrameworksBuildPhase;
			buildActionMask = 2147483647;
			files = (
			);
			runOnlyForDeploymentPostprocessing = 0;
		};
/* End PBXFrameworksBuildPhase section */

/* Begin PBXGroup section */
		554587AD1BEFDB1A002BA825 = {
			isa = PBXGroup;
			children = (
				554587B81BEFDB1A002BA825 /* oo */,
				554587B71BEFDB1A002BA825 /* Products */,
			);
			sourceTree = "<group>";
		};
		554587B71BEFDB1A002BA825 /* Products */ = {
			isa = PBXGroup;
			children = (
				554587B61BEFDB1A002BA825 /* oo */,
			);
			name = Products;
			sourceTree = "<group>";
		};
		554587B81BEFDB1A002BA825 /* oo */ = {
			isa = PBXGroup;
			children = (
				554587B91BEFDB1A002BA825 /* main.c */,
				554587C01BEFDB51002BA825 /* rectangle.c */,
				554587C11BEFDB51002BA825 /* rectangle.h */,
				554587C31BEFDB5C002BA825 /* circle.c */,
				554587C41BEFDB5C002BA825 /* circle.h */,
				554587C61BEFDB6B002BA825 /* shape.c */,
				554587C71BEFDB6B002BA825 /* shape.h */,
			);
			path = oo;
			sourceTree = "<group>";
		};
/* End PBXGroup section */

/* Begin PBXNativeTarget section */
		554587B51BEFDB1A002BA825 /* oo */ = {
			isa = PBXNativeTarget;
			buildConfigurationList = 554587BD1BEFDB1A002BA825 /* Build configuration list for PBXNativeTarget "oo" */;
			buildPhases = (
				554587B21BEFDB1A002BA825 /* Sources */,
				554587B31BEFDB1A002BA825 /* Frameworks */,
				554587B41BEFDB1A002BA825 /* CopyFiles */,
			);
			buildRules = (
			);
			dependencies = (
			);
			name = oo;
			productName = oo;
			productReference = 554587B61BEFDB1A002BA825 /* oo */;
			productType = "com.apple.product-type.tool";
		};
/* End PBXNativeTarget section */

/* Begin PBXProject section */
		554587AE1BEFDB1A002BA825 /* Project object */ = {
			isa = PBXProject;
			attributes = {
				LastUpgradeCheck = 0710;
				ORGANIZATIONNAME = "Ursus Schneider";
				TargetAttributes = {
					554587B51BEFDB1A002BA825 = {
						CreatedOnToolsVersion = 7.1;
					};
				};
			};
			buildConfigurationList = 554587B11BEFDB1A002BA825 /* Build configuration list for PBXProject "oo" */;
			compatibilityVersion = "Xcode 3.2";
			developmentRegion = English;
			hasScannedForEncodings = 0;
			knownRegions = (
				en,
			);
			mainGroup = 554587AD1BEFDB1A002BA825;
			productRefGroup = 554587B71BEFDB1A002BA825 /* Products */;
			projectDirPath = "";
			projectRoot = "";
			targets = (
				554587B51BEFDB1A002BA825 /* oo */,
			);
		};
/* End PBXProject section */

/* Begin PBXSourcesBuildPhase section */
		554587B21BEFDB1A002BA825 /* Sources */ = {
			isa = PBXSourcesBuildPhase;
			buildActionMask = 2147483647;
			files = (
				554587C51BEFDB5C002BA825 /* circle.c in Sources */,
				554587C81BEFDB6B002BA825 /* shape.c in Sources */,
				554587BA1BEFDB1A002BA825 /* main.c in Sources */,
				554587C21BEFDB51002BA825 /* rectangle.c in Sources */,
			);
			runOnlyForDeploymentPostprocessing = 0;
		};
/* End PBXSourcesBuildPhase section */

/* Begin XCBuildConfiguration section */
		554587BB1BEFDB1A002BA825 /* Debug */ = {
			isa = XCBuildConfiguration;
			buildSettings = {
				ALWAYS_SEARCH_USER_PATHS = NO;
				CLANG_CXX_LANGUAGE_STANDARD = "gnu++0x";
				CLANG_CXX_LIBRARY = "libc++";
				CLANG_ENABLE_MODULES = YES;
				CLANG_ENABLE_OBJC_ARC = YES;
				CLANG_WARN_BOOL_CONVERSION = YES;
				CLANG_WARN_CONSTANT_CONVERSION = YES;
				CLANG_WARN_DIRECT_OBJC_ISA_USAGE = YES_ERROR;
				CLANG_WARN_EMPTY_BODY = YES;
				CLANG_WARN_ENUM_CONVERSION = YES;
				CLANG_WARN_INT_CONVERSION = YES;
				CLANG_WARN_OBJC_ROOT_CLASS = YES_ERROR;
				CLANG_WARN_UNREACHABLE_CODE = YES;
				CLANG_WARN__DUPLICATE_METHOD_MATCH = YES;
				CODE_SIGN_IDENTITY = "-";
				COPY_PHASE_STRIP = NO;
				DEBUG_INFORMATION_FORMAT = dwarf;
				ENABLE_STRICT_OBJC_MSGSEND = YES;
				ENABLE_TESTABILITY = YES;
				GCC_C_LANGUAGE_STANDARD = gnu99;
				GCC_DYNAMIC_NO_PIC = NO;
				GCC_NO_COMMON_BLOCKS = YES;
				GCC_OPTIMIZATION_LEVEL = 0;
				GCC_PREPROCESSOR_DEFINITIONS = (
					"DEBUG=1",
					"$(inherited)",
				);
				GCC_WARN_64_TO_32_BIT_CONVERSION = YES;
				GCC_WARN_ABOUT_RETURN_TYPE = YES_ERROR;
				GCC_WARN_UNDECLARED_SELECTOR = YES;
				GCC_WARN_UNINITIALIZED_AUTOS = YES_AGGRESSIVE;
				GCC_WARN_UNUSED_FUNCTION = YES;
				GCC_WARN_UNUSED_VARIABLE = YES;
				MACOSX_DEPLOYMENT_TARGET = 10.11;
				MTL_ENABLE_DEBUG_INFO = YES;
				ONLY_ACTIVE_ARCH = YES;
				SDKROOT = macosx;
			};
			name = Debug;
		};
		554587BC1BEFDB1A002BA825 /* Release */ = {
			isa = XCBuildConfiguration;
			buildSettings = {
				ALWAYS_SEARCH_USER_PATHS = NO;
				CLANG_CXX_LANGUAGE_STANDARD = "gnu++0x";
				CLANG_CXX_LIBRARY = "libc++";
				CLANG_ENABLE_MODULES = YES;
				CLANG_ENABLE_OBJC_ARC = YES;
				CLANG_WARN_BOOL_CONVERSION = YES;
				CLANG_WARN_CONSTANT_CONVERSION = YES;
				CLANG_WARN_DIRECT_OBJC_ISA_USAGE = YES_ERROR;
				CLANG_WARN_EMPTY_BODY = YES;
				CLANG_WARN_ENUM_CONVERSION = YES;
				CLANG_WARN_INT_CONVERSION = YES;
				CLANG_WARN_OBJC_ROOT_CLASS = YES_ERROR;
				CLANG_WARN_UNREACHABLE_CODE = YES;
				CLANG_WARN__DUPLICATE_METHOD_MATCH = YES;
				CODE_SIGN_IDENTITY = "-";
				COPY_PHASE_STRIP = NO;
				DEBUG_INFORMATION_FORMAT = "dwarf-with-dsym";
				ENABLE_NS_ASSERTIONS = NO;
				ENABLE_STRICT_OBJC_MSGSEND = YES;
				GCC_C_LANGUAGE_STANDARD = gnu99;
				GCC_NO_COMMON_BLOCKS = YES;
				GCC_WARN_64_TO_32_BIT_CONVERSION = YES;
				GCC_WARN_ABOUT_RETURN_TYPE = YES_ERROR;
				GCC_WARN_UNDECLARED_SELECTOR = YES;
				GCC_WARN_UNINITIALIZED_AUTOS = YES_AGGRESSIVE;
				GCC_WARN_UNUSED_FUNCTION = YES;
				GCC_WARN_UNUSED_VARIABLE = YES;
				MACOSX_DEPLOYMENT_TARGET = 10.11;
				MTL_ENABLE_DEBUG_INFO = NO;
				SDKROOT = macosx;
			};
			name = Release;
		};
		554587BE1BEFDB1A002BA825 /* Debug */ = {
			isa = XCBuildConfiguration;
			buildSettings = {
				PRODUCT_NAME = "$(TARGET_NAME)";
			};
			name = Debug;
		};
		554587BF1BEFDB1A002BA825 /* Release */ = {
			isa = XCBuildConfiguration;
			buildSettings = {
				PRODUCT_NAME = "$(TARGET_NAME)";
			};
			name = Release;
		};
/* End XCBuildConfiguration section */

/* Begin XCConfigurationList section */
		554587B11BEFDB1A002BA825 /* Build configuration list for PBXProject "oo" */ = {
			isa = XCConfigurationList;
			buildConfigurations = (
				554587BB1BEFDB1A002BA825 /* Debug */,
				554587BC1BEFDB1A002BA825 /* Release */,
			);
			defaultConfigurationIsVisible = 0;
			defaultConfigurationName = Release;
		};
		554587BD1BEFDB1A002BA825 /* Build configuration list for PBXNativeTarget "oo" */ = {
			isa = XCConfigurationList;
			buildConfigurations = (
				554587BE1BEFDB1A002BA825 /* Debug */,
				554587BF1BEFDB1A002BA825 /* Release */,
			);
			defaultConfigurationIsVisible = 0;
		};
/* End XCConfigurationList section */
	};
	rootObject = 554587AE1BEFDB1A002BA825 /* Project object */;
}
